
Microsoft Visual Studio Solution File, Format Version 12.00
# Visual Studio 15
VisualStudioVersion = 15.0.28307.271
MinimumVisualStudioVersion = 10.0.40219.1
Project("{FAE04EC0-301F-11D3-BF4B-00C04F79EFBC}") = "SessionNetCore", "SessionNetCore\SessionNetCore.csproj", "{DE73323A-88D2-41B4-B74C-CC6813E8D372}"
EndProject
Global
	GlobalSection(SolutionConfigurationPlatforms) = preSolution
		Debug|Any CPU = Debug|Any CPU
		Release|Any CPU = Release|Any CPU
	EndGlobalSection
	GlobalSection(ProjectConfigurationPlatforms) = postSolution
		{DE73323A-88D2-41B4-B74C-CC6813E8D372}.Debug|Any CPU.ActiveCfg = Debug|Any CPU
		{DE73323A-88D2-41B4-B74C-CC6813E8D372}.Debug|Any CPU.Build.0 = Debug|Any CPU
		{DE73323A-88D2-41B4-B74C-CC6813E8D372}.Release|Any CPU.ActiveCfg = Release|Any CPU
		{DE73323A-88D2-41B4-B74C-CC6813E8D372}.Release|Any CPU.Build.0 = Release|Any CPU
	EndGlobalSection
	GlobalSection(SolutionProperties) = preSolution
		HideSolutionNode = FALSE
	EndGlobalSection
	GlobalSection(ExtensibilityGlobals) = postSolution
		SolutionGuid = {EC5C79B3-35FC-4C8C-955F-8D0A79AB11A9}
	EndGlobalSection
EndGlobal
